{
  "name": "optimization",
  "version": "1.0.0",
  "lockfileVersion": 3,
  "requires": true,
  "packages": {
    "": {
      "name": "optimization",
      "version": "1.0.0",
      "license": "ISC",
      "dependencies": {
        "backtest-kit": "^1.4.1",
        "ollama": "^0.6.3"
      }
    },
    "node_modules/backtest-kit": {
      "version": "1.4.1",
      "resolved": "https://registry.npmjs.org/backtest-kit/-/backtest-kit-1.4.1.tgz",
      "integrity": "sha512-DxfkDknOLj09fx51EyE5GeB9Hxno6/yw3xHtapkkf8zZ7/j6gXirTxmp6Jrs218xsfeXEM0lGnPK5r6w2RRgiw==",
      "license": "MIT",
      "dependencies": {
        "di-kit": "^1.0.18",
        "di-scoped": "^1.0.20",
        "functools-kit": "^1.0.93",
        "get-moment-stamp": "^1.1.1",
        "ollama": "^0.6.3"
      },
      "funding": {
        "type": "individual",
        "url": "http://paypal.me/tripolskypetr"
      },
      "peerDependencies": {
        "typescript": "^5.0.0"
      }
    },
    "node_modules/di-kit": {
      "version": "1.0.18",
      "resolved": "https://registry.npmjs.org/di-kit/-/di-kit-1.0.18.tgz",
      "integrity": "sha512-ZH15ghf3tsQGaVaQJ6OzO9VcGwOlZZ3fxADiwNq0IafzX14VGOIvgOmxmkQ3tR+vr8f1ZJR6firPPjV5l19y8g==",
      "license": "MIT"
    },
    "node_modules/di-scoped": {
      "version": "1.0.20",
      "resolved": "https://registry.npmjs.org/di-scoped/-/di-scoped-1.0.20.tgz",
      "integrity": "sha512-DCe9Kxex39B7FRpous5pjvITHdeS60d7fPn6pP8tULmCrVJ8ELbuBSGuqVH1sY5cOKvV2osfnD1jOooqWOVzmA==",
      "license": "MIT",
      "funding": {
        "type": "individual",
        "url": "http://paypal.me/tripolskypetr"
      },
      "peerDependencies": {
        "typescript": "^5.0.0"
      }
    },
    "node_modules/functools-kit": {
      "version": "1.0.93",
      "resolved": "https://registry.npmjs.org/functools-kit/-/functools-kit-1.0.93.tgz",
      "integrity": "sha512-+T3w5EBv7oPH0L2jzIH138tqdpKhk2RPqJ/TT9JBx+1+35YwCTHtla138OQW+/Y6J5u1eYba7UWP9Q5hea+N+A==",
      "license": "MIT",
      "funding": {
        "type": "individual",
        "url": "http://paypal.me/tripolskypetr"
      },
      "peerDependencies": {
        "typescript": "^5.0.0"
      }
    },
    "node_modules/get-moment-stamp": {
      "version": "1.1.1",
      "resolved": "https://registry.npmjs.org/get-moment-stamp/-/get-moment-stamp-1.1.1.tgz",
      "integrity": "sha512-MpwDXijSIMD4fv3ZjP5SmYdM0ILx6gAvgplap29VTwQEumIXLzSI7H258SizmFNnHIVrUwp3JzlUWCOFesbKSQ==",
      "license": "MIT",
      "peerDependencies": {
        "typescript": "^5.0.0"
      }
    },
    "node_modules/ollama": {
      "version": "0.6.3",
      "resolved": "https://registry.npmjs.org/ollama/-/ollama-0.6.3.tgz",
      "integrity": "sha512-KEWEhIqE5wtfzEIZbDCLH51VFZ6Z3ZSa6sIOg/E/tBV8S51flyqBOXi+bRxlOYKDf8i327zG9eSTb8IJxvm3Zg==",
      "license": "MIT",
      "dependencies": {
        "whatwg-fetch": "^3.6.20"
      }
    },
    "node_modules/typescript": {
      "version": "5.9.3",
      "resolved": "https://registry.npmjs.org/typescript/-/typescript-5.9.3.tgz",
      "integrity": "sha512-jl1vZzPDinLr9eUt3J/t7V6FgNEw9QjvBPdysz9KfQDD41fQrC2Y4vKQdiaUpFT4bXlb1RHhLpp8wtm6M5TgSw==",
      "license": "Apache-2.0",
      "peer": true,
      "bin": {
        "tsc": "bin/tsc",
        "tsserver": "bin/tsserver"
      },
      "engines": {
        "node": ">=14.17"
      }
    },
    "node_modules/whatwg-fetch": {
      "version": "3.6.20",
      "resolved": "https://registry.npmjs.org/whatwg-fetch/-/whatwg-fetch-3.6.20.tgz",
      "integrity": "sha512-EqhiFU6daOA8kpjOWTL0olhVOF3i7OrFzSYiGsEMB8GcXS+RrzauAERX65xMeNWVqxA6HXH2m69Z9LaKKdisfg==",
      "license": "MIT"
    }
  }
}
